
Microsoft Visual Studio Solution File, Format Version 12.00
# Visual Studio Version 17
VisualStudioVersion = 17.10.35122.118
MinimumVisualStudioVersion = 10.0.40219.1
Project("{9A19103F-16F7-4668-BE54-9A1E7A4F7556}") = "Contacts.API", "Contacts.API\Contacts.API.csproj", "{6CF2D14C-8134-457A-AD78-2E00B838CCD1}"
EndProject
Project("{9A19103F-16F7-4668-BE54-9A1E7A4F7556}") = "Contacts.Domain", "Contacts.Domain\Contacts.Domain.csproj", "{A93140C0-33D5-413C-8491-9286D61C83A7}"
EndProject
Project("{FAE04EC0-301F-11D3-BF4B-00C04F79EFBC}") = "Contacts.Application", "Contacts.Application\Contacts.Application.csproj", "{FA506C93-5C1A-4CF0-9813-7D601A858512}"
EndProject
Project("{FAE04EC0-301F-11D3-BF4B-00C04F79EFBC}") = "Contacts.Infrastructure", "Contacts.Infrastructure\Contacts.Infrastructure.csproj", "{0BA745D0-B75E-42D2-A203-75629FBC7509}"
EndProject
Global
	GlobalSection(SolutionConfigurationPlatforms) = preSolution
		Debug|Any CPU = Debug|Any CPU
		Release|Any CPU = Release|Any CPU
	EndGlobalSection
	GlobalSection(ProjectConfigurationPlatforms) = postSolution
		{6CF2D14C-8134-457A-AD78-2E00B838CCD1}.Debug|Any CPU.ActiveCfg = Debug|Any CPU
		{6CF2D14C-8134-457A-AD78-2E00B838CCD1}.Debug|Any CPU.Build.0 = Debug|Any CPU
		{6CF2D14C-8134-457A-AD78-2E00B838CCD1}.Release|Any CPU.ActiveCfg = Release|Any CPU
		{6CF2D14C-8134-457A-AD78-2E00B838CCD1}.Release|Any CPU.Build.0 = Release|Any CPU
		{A93140C0-33D5-413C-8491-9286D61C83A7}.Debug|Any CPU.ActiveCfg = Debug|Any CPU
		{A93140C0-33D5-413C-8491-9286D61C83A7}.Debug|Any CPU.Build.0 = Debug|Any CPU
		{A93140C0-33D5-413C-8491-9286D61C83A7}.Release|Any CPU.ActiveCfg = Release|Any CPU
		{A93140C0-33D5-413C-8491-9286D61C83A7}.Release|Any CPU.Build.0 = Release|Any CPU
		{FA506C93-5C1A-4CF0-9813-7D601A858512}.Debug|Any CPU.ActiveCfg = Debug|Any CPU
		{FA506C93-5C1A-4CF0-9813-7D601A858512}.Debug|Any CPU.Build.0 = Debug|Any CPU
		{FA506C93-5C1A-4CF0-9813-7D601A858512}.Release|Any CPU.ActiveCfg = Release|Any CPU
		{FA506C93-5C1A-4CF0-9813-7D601A858512}.Release|Any CPU.Build.0 = Release|Any CPU
		{0BA745D0-B75E-42D2-A203-75629FBC7509}.Debug|Any CPU.ActiveCfg = Debug|Any CPU
		{0BA745D0-B75E-42D2-A203-75629FBC7509}.Debug|Any CPU.Build.0 = Debug|Any CPU
		{0BA745D0-B75E-42D2-A203-75629FBC7509}.Release|Any CPU.ActiveCfg = Release|Any CPU
		{0BA745D0-B75E-42D2-A203-75629FBC7509}.Release|Any CPU.Build.0 = Release|Any CPU
	EndGlobalSection
	GlobalSection(SolutionProperties) = preSolution
		HideSolutionNode = FALSE
	EndGlobalSection
	GlobalSection(ExtensibilityGlobals) = postSolution
		SolutionGuid = {A103B5E9-330E-4C54-B6B7-FF4A81237C71}
	EndGlobalSection
EndGlobal
